
Microsoft Visual Studio Solution File, Format Version 12.00
# Visual Studio Version 17
VisualStudioVersion = 17.14.36915.13 d17.14
MinimumVisualStudioVersion = 10.0.40219.1
Project("{FAE04EC0-301F-11D3-BF4B-00C04F79EFBC}") = "word-out", "word-out.csproj", "{22D9009D-6BA6-4303-B5D0-57C51E227465}"
EndProject
Global
	GlobalSection(SolutionConfigurationPlatforms) = preSolution
		Debug|Any CPU = Debug|Any CPU
		Release|Any CPU = Release|Any CPU
	EndGlobalSection
	GlobalSection(ProjectConfigurationPlatforms) = postSolution
		{22D9009D-6BA6-4303-B5D0-57C51E227465}.Debug|Any CPU.ActiveCfg = Debug|Any CPU
		{22D9009D-6BA6-4303-B5D0-57C51E227465}.Debug|Any CPU.Build.0 = Debug|Any CPU
		{22D9009D-6BA6-4303-B5D0-57C51E227465}.Release|Any CPU.ActiveCfg = Release|Any CPU
		{22D9009D-6BA6-4303-B5D0-57C51E227465}.Release|Any CPU.Build.0 = Release|Any CPU
	EndGlobalSection
	GlobalSection(SolutionProperties) = preSolution
		HideSolutionNode = FALSE
	EndGlobalSection
	GlobalSection(ExtensibilityGlobals) = postSolution
		SolutionGuid = {280BF79D-31B7-48F9-AC00-E0EB8920A314}
	EndGlobalSection
EndGlobal
